
Microsoft Visual Studio Solution File, Format Version 12.00
# Visual Studio 2013
VisualStudioVersion = 12.0.21005.1
MinimumVisualStudioVersion = 10.0.40219.1
Project("{FAE04EC0-301F-11D3-BF4B-00C04F79EFBC}") = "SmartSSO", "SmartSSO\SmartSSO.csproj", "{C1CB7B0B-5E99-4559-88E5-8BC36BAE472E}"
EndProject
Project("{FAE04EC0-301F-11D3-BF4B-00C04F79EFBC}") = "SmartSSO.Mvc", "SmartSSO.Mvc\SmartSSO.Mvc.csproj", "{B7C6E48C-10F2-453B-8B73-2F6CD2A42BFE}"
EndProject
Project("{FAE04EC0-301F-11D3-BF4B-00C04F79EFBC}") = "SmartSSO.ClientExample", "SmartSSO.ClientExample\SmartSSO.ClientExample.csproj", "{1023F261-B1EB-4F33-8CF0-D9BF8C88B900}"
EndProject
Global
	GlobalSection(SolutionConfigurationPlatforms) = preSolution
		Debug|Any CPU = Debug|Any CPU
		Release|Any CPU = Release|Any CPU
	EndGlobalSection
	GlobalSection(ProjectConfigurationPlatforms) = postSolution
		{C1CB7B0B-5E99-4559-88E5-8BC36BAE472E}.Debug|Any CPU.ActiveCfg = Debug|Any CPU
		{C1CB7B0B-5E99-4559-88E5-8BC36BAE472E}.Debug|Any CPU.Build.0 = Debug|Any CPU
		{C1CB7B0B-5E99-4559-88E5-8BC36BAE472E}.Release|Any CPU.ActiveCfg = Release|Any CPU
		{C1CB7B0B-5E99-4559-88E5-8BC36BAE472E}.Release|Any CPU.Build.0 = Release|Any CPU
		{B7C6E48C-10F2-453B-8B73-2F6CD2A42BFE}.Debug|Any CPU.ActiveCfg = Debug|Any CPU
		{B7C6E48C-10F2-453B-8B73-2F6CD2A42BFE}.Debug|Any CPU.Build.0 = Debug|Any CPU
		{B7C6E48C-10F2-453B-8B73-2F6CD2A42BFE}.Release|Any CPU.ActiveCfg = Release|Any CPU
		{B7C6E48C-10F2-453B-8B73-2F6CD2A42BFE}.Release|Any CPU.Build.0 = Release|Any CPU
		{1023F261-B1EB-4F33-8CF0-D9BF8C88B900}.Debug|Any CPU.ActiveCfg = Debug|Any CPU
		{1023F261-B1EB-4F33-8CF0-D9BF8C88B900}.Debug|Any CPU.Build.0 = Debug|Any CPU
		{1023F261-B1EB-4F33-8CF0-D9BF8C88B900}.Release|Any CPU.ActiveCfg = Release|Any CPU
		{1023F261-B1EB-4F33-8CF0-D9BF8C88B900}.Release|Any CPU.Build.0 = Release|Any CPU
	EndGlobalSection
	GlobalSection(SolutionProperties) = preSolution
		HideSolutionNode = FALSE
	EndGlobalSection
EndGlobal
